# THIS IS AN AUTOGENERATED FILE. DO NOT EDIT THIS FILE DIRECTLY.
# yarn lockfile v1


bash@^0.0.1:
  version "0.0.1"
  resolved "https://registry.yarnpkg.com/bash/-/bash-0.0.1.tgz#9ee0e7a752bc5eef168bc48719556a74548aae0c"
  integrity sha1-nuDnp1K8Xu8Wi8SHGVVqdFSKrgw=

es6@^0.0.7:
  version "0.0.7"
  resolved "https://registry.yarnpkg.com/es6/-/es6-0.0.7.tgz#3b2851afeea60db16cf569d56066daa0f3974676"
  integrity sha1-OyhRr+6mDbFs9WnVYGbaoPOXRnY=

function@^0.6.1:
  version "0.6.1"
  resolved "https://registry.yarnpkg.com/function/-/function-0.6.1.tgz#b4fd011f3552d2f60402703e8f698e712414bc16"
  integrity sha1-tP0BHzVS0vYEAnA+j2mOcSQUvBY=

git@^0.1.5:
  version "0.1.5"
  resolved "https://registry.yarnpkg.com/git/-/git-0.1.5.tgz#9ef62df93f851c27542143bf52d1c68b1017ca15"
  integrity sha1-nvYt+T+FHCdUIUO/UtHGixAXyhU=
  dependencies:
    mime "1.2.9"

mime@1.2.9:
  version "1.2.9"
  resolved "https://registry.yarnpkg.com/mime/-/mime-1.2.9.tgz#009cd40867bd35de521b3b966f04e2f8d4d13d09"
  integrity sha1-AJzUCGe9Nd5SGzuWbwTi+NTRPQk=
